// !$*UTF8*$!
{
	archiveVersion = 1;
	classes = {
	};
	objectVersion = 55;
	objects = {

/* Begin PBXBuildFile section */
		073C816427300842002FFF3C /* DataModel.xcdatamodeld in Sources */ = {isa = PBXBuildFile; fileRef = 073C816227300842002FFF3C /* DataModel.xcdatamodeld */; };
		07490644272D28B40049C305 /* GenderButton.swift in Sources */ = {isa = PBXBuildFile; fileRef = 07490643272D28B40049C305 /* GenderButton.swift */; };
		07490648272D69380049C305 /* RegisterUser.swift in Sources */ = {isa = PBXBuildFile; fileRef = 07490647272D69380049C305 /* RegisterUser.swift */; };
		0749064A272D711D0049C305 /* RegisterationViewModel.swift in Sources */ = {isa = PBXBuildFile; fileRef = 07490649272D711D0049C305 /* RegisterationViewModel.swift */; };
		076BC6EC2729560100914A85 /* AppDelegate.swift in Sources */ = {isa = PBXBuildFile; fileRef = 076BC6EB2729560100914A85 /* AppDelegate.swift */; };
		076BC6EE2729560100914A85 /* SceneDelegate.swift in Sources */ = {isa = PBXBuildFile; fileRef = 076BC6ED2729560100914A85 /* SceneDelegate.swift */; };
		076BC6F02729560100914A85 /* ViewController.swift in Sources */ = {isa = PBXBuildFile; fileRef = 076BC6EF2729560100914A85 /* ViewController.swift */; };
		076BC6F32729560100914A85 /* Main.storyboard in Resources */ = {isa = PBXBuildFile; fileRef = 076BC6F12729560100914A85 /* Main.storyboard */; };
		076BC6F82729560400914A85 /* Assets.xcassets in Resources */ = {isa = PBXBuildFile; fileRef = 076BC6F72729560400914A85 /* Assets.xcassets */; };
		076BC6FB2729560400914A85 /* LaunchScreen.storyboard in Resources */ = {isa = PBXBuildFile; fileRef = 076BC6F92729560400914A85 /* LaunchScreen.storyboard */; };
		076BC7082729571400914A85 /* RegisterUserModel.swift in Sources */ = {isa = PBXBuildFile; fileRef = 076BC7072729571400914A85 /* RegisterUserModel.swift */; };
		076BC70A27296CB700914A85 /* RegisterViewController.swift in Sources */ = {isa = PBXBuildFile; fileRef = 076BC70927296CB700914A85 /* RegisterViewController.swift */; };
		076BC70F2729701B00914A85 /* Pacifico-Regular.ttf in Resources */ = {isa = PBXBuildFile; fileRef = 076BC70E2729701B00914A85 /* Pacifico-Regular.ttf */; };
		076BC7112729707200914A85 /* Constants.swift in Sources */ = {isa = PBXBuildFile; fileRef = 076BC7102729707200914A85 /* Constants.swift */; };
		076EAA6A274A2BA20075775A /* CatalogConstants.swift in Sources */ = {isa = PBXBuildFile; fileRef = 076EAA69274A2BA20075775A /* CatalogConstants.swift */; };
		076EAA6C274A35C90075775A /* CategoryCell.swift in Sources */ = {isa = PBXBuildFile; fileRef = 076EAA6B274A35C90075775A /* CategoryCell.swift */; };
		076EAA6E274A369F0075775A /* CategoryViewModel.swift in Sources */ = {isa = PBXBuildFile; fileRef = 076EAA6D274A369F0075775A /* CategoryViewModel.swift */; };
		076EAA71274A36DD0075775A /* CategoriesModel.swift in Sources */ = {isa = PBXBuildFile; fileRef = 076EAA70274A36DD0075775A /* CategoriesModel.swift */; };
		076EAA74274A395A0075775A /* CategoryConstants.swift in Sources */ = {isa = PBXBuildFile; fileRef = 076EAA73274A395A0075775A /* CategoryConstants.swift */; };
		076EAA76274A83BE0075775A /* CelebrityConstants.swift in Sources */ = {isa = PBXBuildFile; fileRef = 076EAA75274A83BE0075775A /* CelebrityConstants.swift */; };
		076EAA78274A841D0075775A /* CelebrityViewModel.swift in Sources */ = {isa = PBXBuildFile; fileRef = 076EAA77274A841D0075775A /* CelebrityViewModel.swift */; };
		076EAA7A274A86E10075775A /* CelebritiesModel.swift in Sources */ = {isa = PBXBuildFile; fileRef = 076EAA79274A86E10075775A /* CelebritiesModel.swift */; };
		07812F2D2737D74200B84D93 /* ProductCard.swift in Sources */ = {isa = PBXBuildFile; fileRef = 07812F2C2737D74200B84D93 /* ProductCard.swift */; };
		078825E0273A89B5001F6DD0 /* Spinner.swift in Sources */ = {isa = PBXBuildFile; fileRef = 078825DF273A89B5001F6DD0 /* Spinner.swift */; };
		078825E2273A8B8B001F6DD0 /* PopUp.swift in Sources */ = {isa = PBXBuildFile; fileRef = 078825E1273A8B8B001F6DD0 /* PopUp.swift */; };
		0789B1DC272A9938003C6230 /* NavigationViewController.swift in Sources */ = {isa = PBXBuildFile; fileRef = 0789B1DB272A9938003C6230 /* NavigationViewController.swift */; };
		0789B1DE272AA5F3003C6230 /* NormalTextField.swift in Sources */ = {isa = PBXBuildFile; fileRef = 0789B1DD272AA5F3003C6230 /* NormalTextField.swift */; };
		0789B1E3272AA66D003C6230 /* Extensions.swift in Sources */ = {isa = PBXBuildFile; fileRef = 0789B1E2272AA66D003C6230 /* Extensions.swift */; };
		0789B1E5272AC508003C6230 /* PasswordTextField.swift in Sources */ = {isa = PBXBuildFile; fileRef = 0789B1E4272AC508003C6230 /* PasswordTextField.swift */; };
		0789B1E8272ACB83003C6230 /* PhoneTextField.swift in Sources */ = {isa = PBXBuildFile; fileRef = 0789B1E7272ACB83003C6230 /* PhoneTextField.swift */; };
		0789B1EA272ACE33003C6230 /* SelectGenderField.swift in Sources */ = {isa = PBXBuildFile; fileRef = 0789B1E9272ACE33003C6230 /* SelectGenderField.swift */; };
		07938EEA274B759800489DC9 /* Image.swift in Sources */ = {isa = PBXBuildFile; fileRef = 07938EE9274B759800489DC9 /* Image.swift */; };
		079FDA4927369B910030CAF2 /* FormValidationController.swift in Sources */ = {isa = PBXBuildFile; fileRef = 079FDA4827369B910030CAF2 /* FormValidationController.swift */; };
		07C2BE162743CD58003E4CB2 /* BoutiqaatPicksDataModel.swift in Sources */ = {isa = PBXBuildFile; fileRef = 07C2BE152743CD58003E4CB2 /* BoutiqaatPicksDataModel.swift */; };
		07C2BE192743DACF003E4CB2 /* BoutiqaatViewModel.swift in Sources */ = {isa = PBXBuildFile; fileRef = 07C2BE182743DACF003E4CB2 /* BoutiqaatViewModel.swift */; };
		07C2BE1B2743DAFB003E4CB2 /* GetRequest.swift in Sources */ = {isa = PBXBuildFile; fileRef = 07C2BE1A2743DAFB003E4CB2 /* GetRequest.swift */; };
		07C42705274238750073B7CB /* CelebrityCard.swift in Sources */ = {isa = PBXBuildFile; fileRef = 07C42704274238750073B7CB /* CelebrityCard.swift */; };
		07C4270727423CFB0073B7CB /* SectionHeader.swift in Sources */ = {isa = PBXBuildFile; fileRef = 07C4270627423CFB0073B7CB /* SectionHeader.swift */; };
		07C6323B27412AFD00895144 /* CelebrityCarousalCell.swift in Sources */ = {isa = PBXBuildFile; fileRef = 07C6323A27412AFD00895144 /* CelebrityCarousalCell.swift */; };
		07F0F79A27312694009A6700 /* MainTabController.swift in Sources */ = {isa = PBXBuildFile; fileRef = 07F0F79927312694009A6700 /* MainTabController.swift */; };
		07F0F79E27312AAD009A6700 /* BoutiqaatViewController.swift in Sources */ = {isa = PBXBuildFile; fileRef = 07F0F79D27312AAD009A6700 /* BoutiqaatViewController.swift */; };
		07F0F7A027312AC7009A6700 /* BrandsViewController.swift in Sources */ = {isa = PBXBuildFile; fileRef = 07F0F79F27312AC7009A6700 /* BrandsViewController.swift */; };
		07F0F7A227312AEC009A6700 /* CelebritiesViewController.swift in Sources */ = {isa = PBXBuildFile; fileRef = 07F0F7A127312AEC009A6700 /* CelebritiesViewController.swift */; };
		07F0F7A427312B0D009A6700 /* CategoriesViewController.swift in Sources */ = {isa = PBXBuildFile; fileRef = 07F0F7A327312B0D009A6700 /* CategoriesViewController.swift */; };
		07F0F7A627312B2B009A6700 /* MyBagViewController.swift in Sources */ = {isa = PBXBuildFile; fileRef = 07F0F7A527312B2B009A6700 /* MyBagViewController.swift */; };
		07F0F7A827313477009A6700 /* TabBraViewController.swift in Sources */ = {isa = PBXBuildFile; fileRef = 07F0F7A727313477009A6700 /* TabBraViewController.swift */; };
		07F0F7AA27316199009A6700 /* PopUpView.swift in Sources */ = {isa = PBXBuildFile; fileRef = 07F0F7A927316199009A6700 /* PopUpView.swift */; };
		D487037016B3BAC97D27BB89 /* Pods_Boutiqaat.framework in Frameworks */ = {isa = PBXBuildFile; fileRef = DDF63745884A7D452C0B42D4 /* Pods_Boutiqaat.framework */; };
		F777A44127366ACD00C5DE5E /* LoginController.swift in Sources */ = {isa = PBXBuildFile; fileRef = F777A44027366ACD00C5DE5E /* LoginController.swift */; };
		F777A44327366CA100C5DE5E /* LoginViewModel.swift in Sources */ = {isa = PBXBuildFile; fileRef = F777A44227366CA100C5DE5E /* LoginViewModel.swift */; };
		F777A44527366CE000C5DE5E /* LoginService.swift in Sources */ = {isa = PBXBuildFile; fileRef = F777A44427366CE000C5DE5E /* LoginService.swift */; };
		F777A44727366D2600C5DE5E /* CustomButton.swift in Sources */ = {isa = PBXBuildFile; fileRef = F777A44627366D2600C5DE5E /* CustomButton.swift */; };
		F777A44927366D6200C5DE5E /* AttributedButton.swift in Sources */ = {isa = PBXBuildFile; fileRef = F777A44827366D6200C5DE5E /* AttributedButton.swift */; };
		F777A44B27366D9900C5DE5E /* ForgotPasswordController.swift in Sources */ = {isa = PBXBuildFile; fileRef = F777A44A27366D9900C5DE5E /* ForgotPasswordController.swift */; };
		F777A45B27367E5100C5DE5E /* CustomTextField.swift in Sources */ = {isa = PBXBuildFile; fileRef = F777A45A27367E5100C5DE5E /* CustomTextField.swift */; };
		F777A45D27367E8F00C5DE5E /* TokenData.swift in Sources */ = {isa = PBXBuildFile; fileRef = F777A45C27367E8F00C5DE5E /* TokenData.swift */; };
		F7AC338B274289D700496AA4 /* CarouselCell.swift in Sources */ = {isa = PBXBuildFile; fileRef = F7AC338A274289D700496AA4 /* CarouselCell.swift */; };
		F7AC338D27428F3600496AA4 /* CarouselCard.swift in Sources */ = {isa = PBXBuildFile; fileRef = F7AC338C27428F3600496AA4 /* CarouselCard.swift */; };
		F7ADF0CA273A934C00215B7E /* SideMenuController.swift in Sources */ = {isa = PBXBuildFile; fileRef = F7ADF0C9273A934C00215B7E /* SideMenuController.swift */; };
/* End PBXBuildFile section */

/* Begin PBXFileReference section */
		073C816327300842002FFF3C /* DataModel.xcdatamodel */ = {isa = PBXFileReference; lastKnownFileType = wrapper.xcdatamodel; path = DataModel.xcdatamodel; sourceTree = "<group>"; };
		07490643272D28B40049C305 /* GenderButton.swift */ = {isa = PBXFileReference; lastKnownFileType = sourcecode.swift; path = GenderButton.swift; sourceTree = "<group>"; };
		07490647272D69380049C305 /* RegisterUser.swift */ = {isa = PBXFileReference; lastKnownFileType = sourcecode.swift; path = RegisterUser.swift; sourceTree = "<group>"; };
		07490649272D711D0049C305 /* RegisterationViewModel.swift */ = {isa = PBXFileReference; lastKnownFileType = sourcecode.swift; path = RegisterationViewModel.swift; sourceTree = "<group>"; };
		076BC6E82729560100914A85 /* Boutiqaat.app */ = {isa = PBXFileReference; explicitFileType = wrapper.application; includeInIndex = 0; path = Boutiqaat.app; sourceTree = BUILT_PRODUCTS_DIR; };
		076BC6EB2729560100914A85 /* AppDelegate.swift */ = {isa = PBXFileReference; lastKnownFileType = sourcecode.swift; path = AppDelegate.swift; sourceTree = "<group>"; };
		076BC6ED2729560100914A85 /* SceneDelegate.swift */ = {isa = PBXFileReference; lastKnownFileType = sourcecode.swift; path = SceneDelegate.swift; sourceTree = "<group>"; };
		076BC6EF2729560100914A85 /* ViewController.swift */ = {isa = PBXFileReference; lastKnownFileType = sourcecode.swift; path = ViewController.swift; sourceTree = "<group>"; };
		076BC6F22729560100914A85 /* Base */ = {isa = PBXFileReference; lastKnownFileType = file.storyboard; name = Base; path = Base.lproj/Main.storyboard; sourceTree = "<group>"; };
		076BC6F72729560400914A85 /* Assets.xcassets */ = {isa = PBXFileReference; lastKnownFileType = folder.assetcatalog; path = Assets.xcassets; sourceTree = "<group>"; };
		076BC6FA2729560400914A85 /* Base */ = {isa = PBXFileReference; lastKnownFileType = file.storyboard; name = Base; path = Base.lproj/LaunchScreen.storyboard; sourceTree = "<group>"; };
		076BC6FC2729560400914A85 /* Info.plist */ = {isa = PBXFileReference; lastKnownFileType = text.plist.xml; path = Info.plist; sourceTree = "<group>"; };
		076BC7072729571400914A85 /* RegisterUserModel.swift */ = {isa = PBXFileReference; lastKnownFileType = sourcecode.swift; path = RegisterUserModel.swift; sourceTree = "<group>"; };
		076BC70927296CB700914A85 /* RegisterViewController.swift */ = {isa = PBXFileReference; lastKnownFileType = sourcecode.swift; path = RegisterViewController.swift; sourceTree = "<group>"; };
		076BC70E2729701B00914A85 /* Pacifico-Regular.ttf */ = {isa = PBXFileReference; lastKnownFileType = file; path = "Pacifico-Regular.ttf"; sourceTree = "<group>"; };
		076BC7102729707200914A85 /* Constants.swift */ = {isa = PBXFileReference; lastKnownFileType = sourcecode.swift; path = Constants.swift; sourceTree = "<group>"; };
		076EAA69274A2BA20075775A /* CatalogConstants.swift */ = {isa = PBXFileReference; lastKnownFileType = sourcecode.swift; path = CatalogConstants.swift; sourceTree = "<group>"; };
		076EAA6B274A35C90075775A /* CategoryCell.swift */ = {isa = PBXFileReference; lastKnownFileType = sourcecode.swift; path = CategoryCell.swift; sourceTree = "<group>"; };
		076EAA6D274A369F0075775A /* CategoryViewModel.swift */ = {isa = PBXFileReference; lastKnownFileType = sourcecode.swift; path = CategoryViewModel.swift; sourceTree = "<group>"; };
		076EAA70274A36DD0075775A /* CategoriesModel.swift */ = {isa = PBXFileReference; lastKnownFileType = sourcecode.swift; path = CategoriesModel.swift; sourceTree = "<group>"; };
		076EAA73274A395A0075775A /* CategoryConstants.swift */ = {isa = PBXFileReference; lastKnownFileType = sourcecode.swift; path = CategoryConstants.swift; sourceTree = "<group>"; };
		076EAA75274A83BE0075775A /* CelebrityConstants.swift */ = {isa = PBXFileReference; lastKnownFileType = sourcecode.swift; path = CelebrityConstants.swift; sourceTree = "<group>"; };
		076EAA77274A841D0075775A /* CelebrityViewModel.swift */ = {isa = PBXFileReference; lastKnownFileType = sourcecode.swift; path = CelebrityViewModel.swift; sourceTree = "<group>"; };
		076EAA79274A86E10075775A /* CelebritiesModel.swift */ = {isa = PBXFileReference; lastKnownFileType = sourcecode.swift; path = CelebritiesModel.swift; sourceTree = "<group>"; };
		07812F2C2737D74200B84D93 /* ProductCard.swift */ = {isa = PBXFileReference; lastKnownFileType = sourcecode.swift; path = ProductCard.swift; sourceTree = "<group>"; };
		078825DF273A89B5001F6DD0 /* Spinner.swift */ = {isa = PBXFileReference; lastKnownFileType = sourcecode.swift; path = Spinner.swift; sourceTree = "<group>"; };
		078825E1273A8B8B001F6DD0 /* PopUp.swift */ = {isa = PBXFileReference; lastKnownFileType = sourcecode.swift; path = PopUp.swift; sourceTree = "<group>"; };
		0789B1DB272A9938003C6230 /* NavigationViewController.swift */ = {isa = PBXFileReference; lastKnownFileType = sourcecode.swift; path = NavigationViewController.swift; sourceTree = "<group>"; };
		0789B1DD272AA5F3003C6230 /* NormalTextField.swift */ = {isa = PBXFileReference; lastKnownFileType = sourcecode.swift; path = NormalTextField.swift; sourceTree = "<group>"; };
		0789B1E2272AA66D003C6230 /* Extensions.swift */ = {isa = PBXFileReference; fileEncoding = 4; lastKnownFileType = sourcecode.swift; path = Extensions.swift; sourceTree = "<group>"; };
		0789B1E4272AC508003C6230 /* PasswordTextField.swift */ = {isa = PBXFileReference; lastKnownFileType = sourcecode.swift; path = PasswordTextField.swift; sourceTree = "<group>"; };
		0789B1E7272ACB83003C6230 /* PhoneTextField.swift */ = {isa = PBXFileReference; lastKnownFileType = sourcecode.swift; path = PhoneTextField.swift; sourceTree = "<group>"; };
		0789B1E9272ACE33003C6230 /* SelectGenderField.swift */ = {isa = PBXFileReference; lastKnownFileType = sourcecode.swift; path = SelectGenderField.swift; sourceTree = "<group>"; };
		07938EE9274B759800489DC9 /* Image.swift */ = {isa = PBXFileReference; lastKnownFileType = sourcecode.swift; name = Image.swift; path = Boutiqaat/Catalog/Model/Image.swift; sourceTree = SOURCE_ROOT; };
		079FDA4827369B910030CAF2 /* FormValidationController.swift */ = {isa = PBXFileReference; lastKnownFileType = sourcecode.swift; path = FormValidationController.swift; sourceTree = "<group>"; };
		07C2BE152743CD58003E4CB2 /* BoutiqaatPicksDataModel.swift */ = {isa = PBXFileReference; lastKnownFileType = sourcecode.swift; path = BoutiqaatPicksDataModel.swift; sourceTree = "<group>"; };
		07C2BE182743DACF003E4CB2 /* BoutiqaatViewModel.swift */ = {isa = PBXFileReference; lastKnownFileType = sourcecode.swift; path = BoutiqaatViewModel.swift; sourceTree = "<group>"; };
		07C2BE1A2743DAFB003E4CB2 /* GetRequest.swift */ = {isa = PBXFileReference; lastKnownFileType = sourcecode.swift; path = GetRequest.swift; sourceTree = "<group>"; };
		07C42704274238750073B7CB /* CelebrityCard.swift */ = {isa = PBXFileReference; lastKnownFileType = sourcecode.swift; path = CelebrityCard.swift; sourceTree = "<group>"; };
		07C4270627423CFB0073B7CB /* SectionHeader.swift */ = {isa = PBXFileReference; lastKnownFileType = sourcecode.swift; path = SectionHeader.swift; sourceTree = "<group>"; };
		07C6323A27412AFD00895144 /* CelebrityCarousalCell.swift */ = {isa = PBXFileReference; lastKnownFileType = sourcecode.swift; path = CelebrityCarousalCell.swift; sourceTree = "<group>"; };
		07F0F79927312694009A6700 /* MainTabController.swift */ = {isa = PBXFileReference; lastKnownFileType = sourcecode.swift; path = MainTabController.swift; sourceTree = "<group>"; };
		07F0F79D27312AAD009A6700 /* BoutiqaatViewController.swift */ = {isa = PBXFileReference; lastKnownFileType = sourcecode.swift; path = BoutiqaatViewController.swift; sourceTree = "<group>"; };
		07F0F79F27312AC7009A6700 /* BrandsViewController.swift */ = {isa = PBXFileReference; lastKnownFileType = sourcecode.swift; path = BrandsViewController.swift; sourceTree = "<group>"; };
		07F0F7A127312AEC009A6700 /* CelebritiesViewController.swift */ = {isa = PBXFileReference; lastKnownFileType = sourcecode.swift; path = CelebritiesViewController.swift; sourceTree = "<group>"; };
		07F0F7A327312B0D009A6700 /* CategoriesViewController.swift */ = {isa = PBXFileReference; lastKnownFileType = sourcecode.swift; path = CategoriesViewController.swift; sourceTree = "<group>"; };
		07F0F7A527312B2B009A6700 /* MyBagViewController.swift */ = {isa = PBXFileReference; lastKnownFileType = sourcecode.swift; path = MyBagViewController.swift; sourceTree = "<group>"; };
		07F0F7A727313477009A6700 /* TabBraViewController.swift */ = {isa = PBXFileReference; lastKnownFileType = sourcecode.swift; path = TabBraViewController.swift; sourceTree = "<group>"; };
		07F0F7A927316199009A6700 /* PopUpView.swift */ = {isa = PBXFileReference; lastKnownFileType = sourcecode.swift; path = PopUpView.swift; sourceTree = "<group>"; };
		082C33ABB0B91C7915840AEB /* Pods-Boutiqaat.release.xcconfig */ = {isa = PBXFileReference; includeInIndex = 1; lastKnownFileType = text.xcconfig; name = "Pods-Boutiqaat.release.xcconfig"; path = "Target Support Files/Pods-Boutiqaat/Pods-Boutiqaat.release.xcconfig"; sourceTree = "<group>"; };
		54C1720A1EF58A218D79F950 /* Pods-Boutiqaat.debug.xcconfig */ = {isa = PBXFileReference; includeInIndex = 1; lastKnownFileType = text.xcconfig; name = "Pods-Boutiqaat.debug.xcconfig"; path = "Target Support Files/Pods-Boutiqaat/Pods-Boutiqaat.debug.xcconfig"; sourceTree = "<group>"; };
		DDF63745884A7D452C0B42D4 /* Pods_Boutiqaat.framework */ = {isa = PBXFileReference; explicitFileType = wrapper.framework; includeInIndex = 0; path = Pods_Boutiqaat.framework; sourceTree = BUILT_PRODUCTS_DIR; };
		F777A44027366ACD00C5DE5E /* LoginController.swift */ = {isa = PBXFileReference; lastKnownFileType = sourcecode.swift; path = LoginController.swift; sourceTree = "<group>"; };
		F777A44227366CA100C5DE5E /* LoginViewModel.swift */ = {isa = PBXFileReference; lastKnownFileType = sourcecode.swift; path = LoginViewModel.swift; sourceTree = "<group>"; };
		F777A44427366CE000C5DE5E /* LoginService.swift */ = {isa = PBXFileReference; lastKnownFileType = sourcecode.swift; path = LoginService.swift; sourceTree = "<group>"; };
		F777A44627366D2600C5DE5E /* CustomButton.swift */ = {isa = PBXFileReference; lastKnownFileType = sourcecode.swift; path = CustomButton.swift; sourceTree = "<group>"; };
		F777A44827366D6200C5DE5E /* AttributedButton.swift */ = {isa = PBXFileReference; lastKnownFileType = sourcecode.swift; path = AttributedButton.swift; sourceTree = "<group>"; };
		F777A44A27366D9900C5DE5E /* ForgotPasswordController.swift */ = {isa = PBXFileReference; lastKnownFileType = sourcecode.swift; path = ForgotPasswordController.swift; sourceTree = "<group>"; };
		F777A45A27367E5100C5DE5E /* CustomTextField.swift */ = {isa = PBXFileReference; lastKnownFileType = sourcecode.swift; path = CustomTextField.swift; sourceTree = "<group>"; };
		F777A45C27367E8F00C5DE5E /* TokenData.swift */ = {isa = PBXFileReference; lastKnownFileType = sourcecode.swift; path = TokenData.swift; sourceTree = "<group>"; };
		F7AC338A274289D700496AA4 /* CarouselCell.swift */ = {isa = PBXFileReference; lastKnownFileType = sourcecode.swift; path = CarouselCell.swift; sourceTree = "<group>"; };
		F7AC338C27428F3600496AA4 /* CarouselCard.swift */ = {isa = PBXFileReference; lastKnownFileType = sourcecode.swift; path = CarouselCard.swift; sourceTree = "<group>"; };
		F7ADF0C9273A934C00215B7E /* SideMenuController.swift */ = {isa = PBXFileReference; lastKnownFileType = sourcecode.swift; path = SideMenuController.swift; sourceTree = "<group>"; };
/* End PBXFileReference section */

/* Begin PBXFrameworksBuildPhase section */
		076BC6E52729560100914A85 /* Frameworks */ = {
			isa = PBXFrameworksBuildPhase;
			buildActionMask = 2147483647;
			files = (
				D487037016B3BAC97D27BB89 /* Pods_Boutiqaat.framework in Frameworks */,
			);
			runOnlyForDeploymentPostprocessing = 0;
		};
/* End PBXFrameworksBuildPhase section */

/* Begin PBXGroup section */
		076BC6DF2729560100914A85 = {
			isa = PBXGroup;
			children = (
				076BC6EA2729560100914A85 /* Boutiqaat */,
				076BC6E92729560100914A85 /* Products */,
				4DBE44358B86281C69898A1D /* Pods */,
				1A6CD6B0BA5B3AD447339C9B /* Frameworks */,
			);
			sourceTree = "<group>";
		};
		076BC6E92729560100914A85 /* Products */ = {
			isa = PBXGroup;
			children = (
				076BC6E82729560100914A85 /* Boutiqaat.app */,
			);
			name = Products;
			sourceTree = "<group>";
		};
		076BC6EA2729560100914A85 /* Boutiqaat */ = {
			isa = PBXGroup;
			children = (
				0783C6D727391D50000927A1 /* Navigation */,
				0783C6D127391C96000927A1 /* Authorization */,
				0783C6CB27391249000927A1 /* Catalog */,
				0789B1E1272AA653003C6230 /* Utils */,
				076BC70D2729700F00914A85 /* Fonts */,
				076BC7062729565800914A85 /* APIService */,
				076BC6EB2729560100914A85 /* AppDelegate.swift */,
				076BC6ED2729560100914A85 /* SceneDelegate.swift */,
				076BC6EF2729560100914A85 /* ViewController.swift */,
				076BC6F72729560400914A85 /* Assets.xcassets */,
				076BC6F92729560400914A85 /* LaunchScreen.storyboard */,
				076BC6F12729560100914A85 /* Main.storyboard */,
				076BC6FC2729560400914A85 /* Info.plist */,
				076BC7102729707200914A85 /* Constants.swift */,
				073C816227300842002FFF3C /* DataModel.xcdatamodeld */,
			);
			path = Boutiqaat;
			sourceTree = "<group>";
		};
		076BC7062729565800914A85 /* APIService */ = {
			isa = PBXGroup;
			children = (
				07490647272D69380049C305 /* RegisterUser.swift */,
				F777A44427366CE000C5DE5E /* LoginService.swift */,
				07C2BE1A2743DAFB003E4CB2 /* GetRequest.swift */,
			);
			path = APIService;
			sourceTree = "<group>";
		};
		076BC70D2729700F00914A85 /* Fonts */ = {
			isa = PBXGroup;
			children = (
				076BC70E2729701B00914A85 /* Pacifico-Regular.ttf */,
			);
			path = Fonts;
			sourceTree = "<group>";
		};
		076EAA6F274A36B20075775A /* CategoryModels */ = {
			isa = PBXGroup;
			children = (
				076EAA70274A36DD0075775A /* CategoriesModel.swift */,
			);
			path = CategoryModels;
			sourceTree = "<group>";
		};
		076EAA72274A39350075775A /* Constants */ = {
			isa = PBXGroup;
			children = (
				076EAA69274A2BA20075775A /* CatalogConstants.swift */,
				076EAA73274A395A0075775A /* CategoryConstants.swift */,
				076EAA75274A83BE0075775A /* CelebrityConstants.swift */,
			);
			path = Constants;
			sourceTree = "<group>";
		};
		07812F2B2737D6B400B84D93 /* Cards */ = {
			isa = PBXGroup;
			children = (
				07812F2C2737D74200B84D93 /* ProductCard.swift */,
				07C42704274238750073B7CB /* CelebrityCard.swift */,
				F7AC338C27428F3600496AA4 /* CarouselCard.swift */,
			);
			path = Cards;
			sourceTree = "<group>";
		};
		0783C6CB27391249000927A1 /* Catalog */ = {
			isa = PBXGroup;
			children = (
				076EAA72274A39350075775A /* Constants */,
				F77D01022744D63F003719DE /* Utils */,
				07C2BE172743DAB8003E4CB2 /* ViewModel */,
				07C2BE132743C9E6003E4CB2 /* Model */,
				0783C6CF27391C69000927A1 /* Conroller */,
				0783C6CD27391267000927A1 /* View */,
			);
			path = Catalog;
			sourceTree = "<group>";
		};
		0783C6CD27391267000927A1 /* View */ = {
			isa = PBXGroup;
			children = (
				F7AC338A274289D700496AA4 /* CarouselCell.swift */,
				07C6323A27412AFD00895144 /* CelebrityCarousalCell.swift */,
				07C4270627423CFB0073B7CB /* SectionHeader.swift */,
				076EAA6B274A35C90075775A /* CategoryCell.swift */,
				07812F2B2737D6B400B84D93 /* Cards */,
			);
			path = View;
			sourceTree = "<group>";
		};
		0783C6CF27391C69000927A1 /* Conroller */ = {
			isa = PBXGroup;
			children = (
				07F0F79927312694009A6700 /* MainTabController.swift */,
				07F0F79D27312AAD009A6700 /* BoutiqaatViewController.swift */,
				07F0F79F27312AC7009A6700 /* BrandsViewController.swift */,
				07F0F7A127312AEC009A6700 /* CelebritiesViewController.swift */,
				07F0F7A327312B0D009A6700 /* CategoriesViewController.swift */,
				07F0F7A527312B2B009A6700 /* MyBagViewController.swift */,
				F7ADF0C9273A934C00215B7E /* SideMenuController.swift */,
			);
			path = Conroller;
			sourceTree = "<group>";
		};
		0783C6D127391C96000927A1 /* Authorization */ = {
			isa = PBXGroup;
			children = (
				F77D01032744D650003719DE /* Constants */,
				0783C6D627391CDA000927A1 /* Utils */,
				0783C6D527391CBF000927A1 /* View */,
				0783C6D427391CB4000927A1 /* ViewModel */,
				0783C6D327391CAB000927A1 /* Controller */,
				0783C6D227391CA2000927A1 /* Model */,
			);
			path = Authorization;
			sourceTree = "<group>";
		};
		0783C6D227391CA2000927A1 /* Model */ = {
			isa = PBXGroup;
			children = (
				076BC7072729571400914A85 /* RegisterUserModel.swift */,
				F777A45C27367E8F00C5DE5E /* TokenData.swift */,
			);
			path = Model;
			sourceTree = "<group>";
		};
		0783C6D327391CAB000927A1 /* Controller */ = {
			isa = PBXGroup;
			children = (
				F777A44A27366D9900C5DE5E /* ForgotPasswordController.swift */,
				076BC70927296CB700914A85 /* RegisterViewController.swift */,
				F777A44027366ACD00C5DE5E /* LoginController.swift */,
			);
			path = Controller;
			sourceTree = "<group>";
		};
		0783C6D427391CB4000927A1 /* ViewModel */ = {
			isa = PBXGroup;
			children = (
				07490649272D711D0049C305 /* RegisterationViewModel.swift */,
				F777A44227366CA100C5DE5E /* LoginViewModel.swift */,
			);
			path = ViewModel;
			sourceTree = "<group>";
		};
		0783C6D527391CBF000927A1 /* View */ = {
			isa = PBXGroup;
			children = (
				0789B1E9272ACE33003C6230 /* SelectGenderField.swift */,
				07490643272D28B40049C305 /* GenderButton.swift */,
				F777A44627366D2600C5DE5E /* CustomButton.swift */,
				F777A44827366D6200C5DE5E /* AttributedButton.swift */,
				07F0F7A927316199009A6700 /* PopUpView.swift */,
				0789B1E6272ACB5B003C6230 /* TextFieldCells */,
			);
			path = View;
			sourceTree = "<group>";
		};
		0783C6D627391CDA000927A1 /* Utils */ = {
			isa = PBXGroup;
			children = (
				079FDA4827369B910030CAF2 /* FormValidationController.swift */,
				078825DF273A89B5001F6DD0 /* Spinner.swift */,
				078825E1273A8B8B001F6DD0 /* PopUp.swift */,
			);
			path = Utils;
			sourceTree = "<group>";
		};
		0783C6D727391D50000927A1 /* Navigation */ = {
			isa = PBXGroup;
			children = (
				0783C6D827391D5B000927A1 /* Controller */,
			);
			path = Navigation;
			sourceTree = "<group>";
		};
		0783C6D827391D5B000927A1 /* Controller */ = {
			isa = PBXGroup;
			children = (
				0789B1DB272A9938003C6230 /* NavigationViewController.swift */,
				07F0F7A727313477009A6700 /* TabBraViewController.swift */,
			);
			path = Controller;
			sourceTree = "<group>";
		};
		0789B1E1272AA653003C6230 /* Utils */ = {
			isa = PBXGroup;
			children = (
				0789B1E2272AA66D003C6230 /* Extensions.swift */,
			);
			path = Utils;
			sourceTree = "<group>";
		};
		0789B1E6272ACB5B003C6230 /* TextFieldCells */ = {
			isa = PBXGroup;
			children = (
				0789B1DD272AA5F3003C6230 /* NormalTextField.swift */,
				0789B1E4272AC508003C6230 /* PasswordTextField.swift */,
				0789B1E7272ACB83003C6230 /* PhoneTextField.swift */,
				F777A45A27367E5100C5DE5E /* CustomTextField.swift */,
			);
			path = TextFieldCells;
			sourceTree = "<group>";
		};
		07C2BE132743C9E6003E4CB2 /* Model */ = {
			isa = PBXGroup;
			children = (
				076EAA6F274A36B20075775A /* CategoryModels */,
				07C2BE142743C9EE003E4CB2 /* BoutiqaatModels */,
				076EAA79274A86E10075775A /* CelebritiesModel.swift */,
			);
			path = Model;
			sourceTree = "<group>";
		};
		07C2BE142743C9EE003E4CB2 /* BoutiqaatModels */ = {
			isa = PBXGroup;
			children = (
				07C2BE152743CD58003E4CB2 /* BoutiqaatPicksDataModel.swift */,
			);
			path = BoutiqaatModels;
			sourceTree = "<group>";
		};
		07C2BE172743DAB8003E4CB2 /* ViewModel */ = {
			isa = PBXGroup;
			children = (
				07C2BE182743DACF003E4CB2 /* BoutiqaatViewModel.swift */,
				076EAA6D274A369F0075775A /* CategoryViewModel.swift */,
				076EAA77274A841D0075775A /* CelebrityViewModel.swift */,
			);
			path = ViewModel;
			sourceTree = "<group>";
		};
		1A6CD6B0BA5B3AD447339C9B /* Frameworks */ = {
			isa = PBXGroup;
			children = (
				DDF63745884A7D452C0B42D4 /* Pods_Boutiqaat.framework */,
			);
			name = Frameworks;
			sourceTree = "<group>";
		};
		4DBE44358B86281C69898A1D /* Pods */ = {
			isa = PBXGroup;
			children = (
				54C1720A1EF58A218D79F950 /* Pods-Boutiqaat.debug.xcconfig */,
				082C33ABB0B91C7915840AEB /* Pods-Boutiqaat.release.xcconfig */,
			);
			path = Pods;
			sourceTree = "<group>";
		};
		F77D01022744D63F003719DE /* Utils */ = {
			isa = PBXGroup;
			children = (
				07938EE9274B759800489DC9 /* Image.swift */,
			);
			path = Utils;
			sourceTree = "<group>";
		};
		F77D01032744D650003719DE /* Constants */ = {
			isa = PBXGroup;
			children = (
			);
			path = Constants;
			sourceTree = "<group>";
		};
/* End PBXGroup section */

/* Begin PBXNativeTarget section */
		076BC6E72729560100914A85 /* Boutiqaat */ = {
			isa = PBXNativeTarget;
			buildConfigurationList = 076BC6FF2729560400914A85 /* Build configuration list for PBXNativeTarget "Boutiqaat" */;
			buildPhases = (
				08B3A6A552DE97BA4CE9BFD6 /* [CP] Check Pods Manifest.lock */,
				076BC6E42729560100914A85 /* Sources */,
				076BC6E52729560100914A85 /* Frameworks */,
				076BC6E62729560100914A85 /* Resources */,
				05053A7DCE8C1D872227FA95 /* [CP] Embed Pods Frameworks */,
			);
			buildRules = (
			);
			dependencies = (
			);
			name = Boutiqaat;
			productName = Boutiqaat;
			productReference = 076BC6E82729560100914A85 /* Boutiqaat.app */;
			productType = "com.apple.product-type.application";
		};
/* End PBXNativeTarget section */

/* Begin PBXProject section */
		076BC6E02729560100914A85 /* Project object */ = {
			isa = PBXProject;
			attributes = {
				BuildIndependentTargetsInParallel = 1;
				LastSwiftUpdateCheck = 1300;
				LastUpgradeCheck = 1300;
				TargetAttributes = {
					076BC6E72729560100914A85 = {
						CreatedOnToolsVersion = 13.0;
					};
				};
			};
			buildConfigurationList = 076BC6E32729560100914A85 /* Build configuration list for PBXProject "Boutiqaat" */;
			compatibilityVersion = "Xcode 13.0";
			developmentRegion = en;
			hasScannedForEncodings = 0;
			knownRegions = (
				en,
				Base,
			);
			mainGroup = 076BC6DF2729560100914A85;
			productRefGroup = 076BC6E92729560100914A85 /* Products */;
			projectDirPath = "";
			projectRoot = "";
			targets = (
				076BC6E72729560100914A85 /* Boutiqaat */,
			);
		};
/* End PBXProject section */

/* Begin PBXResourcesBuildPhase section */
		076BC6E62729560100914A85 /* Resources */ = {
			isa = PBXResourcesBuildPhase;
			buildActionMask = 2147483647;
			files = (
				076BC6FB2729560400914A85 /* LaunchScreen.storyboard in Resources */,
				076BC6F82729560400914A85 /* Assets.xcassets in Resources */,
				076BC6F32729560100914A85 /* Main.storyboard in Resources */,
				076BC70F2729701B00914A85 /* Pacifico-Regular.ttf in Resources */,
			);
			runOnlyForDeploymentPostprocessing = 0;
		};
/* End PBXResourcesBuildPhase section */

/* Begin PBXShellScriptBuildPhase section */
		05053A7DCE8C1D872227FA95 /* [CP] Embed Pods Frameworks */ = {
			isa = PBXShellScriptBuildPhase;
			buildActionMask = 2147483647;
			files = (
			);
			inputFileListPaths = (
				"${PODS_ROOT}/Target Support Files/Pods-Boutiqaat/Pods-Boutiqaat-frameworks-${CONFIGURATION}-input-files.xcfilelist",
			);
			name = "[CP] Embed Pods Frameworks";
			outputFileListPaths = (
				"${PODS_ROOT}/Target Support Files/Pods-Boutiqaat/Pods-Boutiqaat-frameworks-${CONFIGURATION}-output-files.xcfilelist",
			);
			runOnlyForDeploymentPostprocessing = 0;
			shellPath = /bin/sh;
			shellScript = "\"${PODS_ROOT}/Target Support Files/Pods-Boutiqaat/Pods-Boutiqaat-frameworks.sh\"\n";
			showEnvVarsInLog = 0;
		};
		08B3A6A552DE97BA4CE9BFD6 /* [CP] Check Pods Manifest.lock */ = {
			isa = PBXShellScriptBuildPhase;
			buildActionMask = 2147483647;
			files = (
			);
			inputFileListPaths = (
			);
			inputPaths = (
				"${PODS_PODFILE_DIR_PATH}/Podfile.lock",
				"${PODS_ROOT}/Manifest.lock",
			);
			name = "[CP] Check Pods Manifest.lock";
			outputFileListPaths = (
			);
			outputPaths = (
				"$(DERIVED_FILE_DIR)/Pods-Boutiqaat-checkManifestLockResult.txt",
			);
			runOnlyForDeploymentPostprocessing = 0;
			shellPath = /bin/sh;
			shellScript = "diff \"${PODS_PODFILE_DIR_PATH}/Podfile.lock\" \"${PODS_ROOT}/Manifest.lock\" > /dev/null\nif [ $? != 0 ] ; then\n    # print error to STDERR\n    echo \"error: The sandbox is not in sync with the Podfile.lock. Run 'pod install' or update your CocoaPods installation.\" >&2\n    exit 1\nfi\n# This output is used by Xcode 'outputs' to avoid re-running this script phase.\necho \"SUCCESS\" > \"${SCRIPT_OUTPUT_FILE_0}\"\n";
			showEnvVarsInLog = 0;
		};
/* End PBXShellScriptBuildPhase section */

/* Begin PBXSourcesBuildPhase section */
		076BC6E42729560100914A85 /* Sources */ = {
			isa = PBXSourcesBuildPhase;
			buildActionMask = 2147483647;
			files = (
				F777A44127366ACD00C5DE5E /* LoginController.swift in Sources */,
				07938EEA274B759800489DC9 /* Image.swift in Sources */,
				076EAA74274A395A0075775A /* CategoryConstants.swift in Sources */,
				F777A44B27366D9900C5DE5E /* ForgotPasswordController.swift in Sources */,
				0789B1DE272AA5F3003C6230 /* NormalTextField.swift in Sources */,
				07F0F7A827313477009A6700 /* TabBraViewController.swift in Sources */,
				F777A44927366D6200C5DE5E /* AttributedButton.swift in Sources */,
				F777A45D27367E8F00C5DE5E /* TokenData.swift in Sources */,
				079FDA4927369B910030CAF2 /* FormValidationController.swift in Sources */,
				07490648272D69380049C305 /* RegisterUser.swift in Sources */,
				07F0F79A27312694009A6700 /* MainTabController.swift in Sources */,
				076EAA78274A841D0075775A /* CelebrityViewModel.swift in Sources */,
				07490644272D28B40049C305 /* GenderButton.swift in Sources */,
				07C6323B27412AFD00895144 /* CelebrityCarousalCell.swift in Sources */,
				078825E2273A8B8B001F6DD0 /* PopUp.swift in Sources */,
				07C4270727423CFB0073B7CB /* SectionHeader.swift in Sources */,
				07C2BE192743DACF003E4CB2 /* BoutiqaatViewModel.swift in Sources */,
				F777A44527366CE000C5DE5E /* LoginService.swift in Sources */,
				076EAA7A274A86E10075775A /* CelebritiesModel.swift in Sources */,
				0789B1E5272AC508003C6230 /* PasswordTextField.swift in Sources */,
				F7AC338B274289D700496AA4 /* CarouselCell.swift in Sources */,
				0789B1DC272A9938003C6230 /* NavigationViewController.swift in Sources */,
				076EAA71274A36DD0075775A /* CategoriesModel.swift in Sources */,
				0789B1EA272ACE33003C6230 /* SelectGenderField.swift in Sources */,
				07C42705274238750073B7CB /* CelebrityCard.swift in Sources */,
				F7AC338D27428F3600496AA4 /* CarouselCard.swift in Sources */,
				076EAA6C274A35C90075775A /* CategoryCell.swift in Sources */,
				0789B1E8272ACB83003C6230 /* PhoneTextField.swift in Sources */,
				076BC7082729571400914A85 /* RegisterUserModel.swift in Sources */,
				07F0F7A027312AC7009A6700 /* BrandsViewController.swift in Sources */,
				076BC6F02729560100914A85 /* ViewController.swift in Sources */,
				07C2BE162743CD58003E4CB2 /* BoutiqaatPicksDataModel.swift in Sources */,
				F777A44727366D2600C5DE5E /* CustomButton.swift in Sources */,
				076EAA6E274A369F0075775A /* CategoryViewModel.swift in Sources */,
				07812F2D2737D74200B84D93 /* ProductCard.swift in Sources */,
				F777A44327366CA100C5DE5E /* LoginViewModel.swift in Sources */,
				076EAA6A274A2BA20075775A /* CatalogConstants.swift in Sources */,
				076EAA76274A83BE0075775A /* CelebrityConstants.swift in Sources */,
				F777A45B27367E5100C5DE5E /* CustomTextField.swift in Sources */,
				07F0F7A427312B0D009A6700 /* CategoriesViewController.swift in Sources */,
				07F0F79E27312AAD009A6700 /* BoutiqaatViewController.swift in Sources */,
				07C2BE1B2743DAFB003E4CB2 /* GetRequest.swift in Sources */,
				078825E0273A89B5001F6DD0 /* Spinner.swift in Sources */,
				07F0F7AA27316199009A6700 /* PopUpView.swift in Sources */,
				076BC70A27296CB700914A85 /* RegisterViewController.swift in Sources */,
				F7ADF0CA273A934C00215B7E /* SideMenuController.swift in Sources */,
				076BC7112729707200914A85 /* Constants.swift in Sources */,
				076BC6EC2729560100914A85 /* AppDelegate.swift in Sources */,
				0749064A272D711D0049C305 /* RegisterationViewModel.swift in Sources */,
				073C816427300842002FFF3C /* DataModel.xcdatamodeld in Sources */,
				07F0F7A227312AEC009A6700 /* CelebritiesViewController.swift in Sources */,
				0789B1E3272AA66D003C6230 /* Extensions.swift in Sources */,
				076BC6EE2729560100914A85 /* SceneDelegate.swift in Sources */,
				07F0F7A627312B2B009A6700 /* MyBagViewController.swift in Sources */,
			);
			runOnlyForDeploymentPostprocessing = 0;
		};
/* End PBXSourcesBuildPhase section */

/* Begin PBXVariantGroup section */
		076BC6F12729560100914A85 /* Main.storyboard */ = {
			isa = PBXVariantGroup;
			children = (
				076BC6F22729560100914A85 /* Base */,
			);
			name = Main.storyboard;
			sourceTree = "<group>";
		};
		076BC6F92729560400914A85 /* LaunchScreen.storyboard */ = {
			isa = PBXVariantGroup;
			children = (
				076BC6FA2729560400914A85 /* Base */,
			);
			name = LaunchScreen.storyboard;
			sourceTree = "<group>";
		};
/* End PBXVariantGroup section */

/* Begin XCBuildConfiguration section */
		076BC6FD2729560400914A85 /* Debug */ = {
			isa = XCBuildConfiguration;
			buildSettings = {
				ALWAYS_SEARCH_USER_PATHS = NO;
				CLANG_ANALYZER_NONNULL = YES;
				CLANG_ANALYZER_NUMBER_OBJECT_CONVERSION = YES_AGGRESSIVE;
				CLANG_CXX_LANGUAGE_STANDARD = "gnu++17";
				CLANG_CXX_LIBRARY = "libc++";
				CLANG_ENABLE_MODULES = YES;
				CLANG_ENABLE_OBJC_ARC = YES;
				CLANG_ENABLE_OBJC_WEAK = YES;
				CLANG_WARN_BLOCK_CAPTURE_AUTORELEASING = YES;
				CLANG_WARN_BOOL_CONVERSION = YES;
				CLANG_WARN_COMMA = YES;
				CLANG_WARN_CONSTANT_CONVERSION = YES;
				CLANG_WARN_DEPRECATED_OBJC_IMPLEMENTATIONS = YES;
				CLANG_WARN_DIRECT_OBJC_ISA_USAGE = YES_ERROR;
				CLANG_WARN_DOCUMENTATION_COMMENTS = YES;
				CLANG_WARN_EMPTY_BODY = YES;
				CLANG_WARN_ENUM_CONVERSION = YES;
				CLANG_WARN_INFINITE_RECURSION = YES;
				CLANG_WARN_INT_CONVERSION = YES;
				CLANG_WARN_NON_LITERAL_NULL_CONVERSION = YES;
				CLANG_WARN_OBJC_IMPLICIT_RETAIN_SELF = YES;
				CLANG_WARN_OBJC_LITERAL_CONVERSION = YES;
				CLANG_WARN_OBJC_ROOT_CLASS = YES_ERROR;
				CLANG_WARN_QUOTED_INCLUDE_IN_FRAMEWORK_HEADER = YES;
				CLANG_WARN_RANGE_LOOP_ANALYSIS = YES;
				CLANG_WARN_STRICT_PROTOTYPES = YES;
				CLANG_WARN_SUSPICIOUS_MOVE = YES;
				CLANG_WARN_UNGUARDED_AVAILABILITY = YES_AGGRESSIVE;
				CLANG_WARN_UNREACHABLE_CODE = YES;
				CLANG_WARN__DUPLICATE_METHOD_MATCH = YES;
				COPY_PHASE_STRIP = NO;
				DEBUG_INFORMATION_FORMAT = dwarf;
				ENABLE_STRICT_OBJC_MSGSEND = YES;
				ENABLE_TESTABILITY = YES;
				GCC_C_LANGUAGE_STANDARD = gnu11;
				GCC_DYNAMIC_NO_PIC = NO;
				GCC_NO_COMMON_BLOCKS = YES;
				GCC_OPTIMIZATION_LEVEL = 0;
				GCC_PREPROCESSOR_DEFINITIONS = (
					"DEBUG=1",
					"$(inherited)",
				);
				GCC_WARN_64_TO_32_BIT_CONVERSION = YES;
				GCC_WARN_ABOUT_RETURN_TYPE = YES_ERROR;
				GCC_WARN_UNDECLARED_SELECTOR = YES;
				GCC_WARN_UNINITIALIZED_AUTOS = YES_AGGRESSIVE;
				GCC_WARN_UNUSED_FUNCTION = YES;
				GCC_WARN_UNUSED_VARIABLE = YES;
				IPHONEOS_DEPLOYMENT_TARGET = 15.0;
				MTL_ENABLE_DEBUG_INFO = INCLUDE_SOURCE;
				MTL_FAST_MATH = YES;
				ONLY_ACTIVE_ARCH = YES;
				SDKROOT = iphoneos;
				SWIFT_ACTIVE_COMPILATION_CONDITIONS = DEBUG;
				SWIFT_OPTIMIZATION_LEVEL = "-Onone";
			};
			name = Debug;
		};
		076BC6FE2729560400914A85 /* Release */ = {
			isa = XCBuildConfiguration;
			buildSettings = {
				ALWAYS_SEARCH_USER_PATHS = NO;
				CLANG_ANALYZER_NONNULL = YES;
				CLANG_ANALYZER_NUMBER_OBJECT_CONVERSION = YES_AGGRESSIVE;
				CLANG_CXX_LANGUAGE_STANDARD = "gnu++17";
				CLANG_CXX_LIBRARY = "libc++";
				CLANG_ENABLE_MODULES = YES;
				CLANG_ENABLE_OBJC_ARC = YES;
				CLANG_ENABLE_OBJC_WEAK = YES;
				CLANG_WARN_BLOCK_CAPTURE_AUTORELEASING = YES;
				CLANG_WARN_BOOL_CONVERSION = YES;
				CLANG_WARN_COMMA = YES;
				CLANG_WARN_CONSTANT_CONVERSION = YES;
				CLANG_WARN_DEPRECATED_OBJC_IMPLEMENTATIONS = YES;
				CLANG_WARN_DIRECT_OBJC_ISA_USAGE = YES_ERROR;
				CLANG_WARN_DOCUMENTATION_COMMENTS = YES;
				CLANG_WARN_EMPTY_BODY = YES;
				CLANG_WARN_ENUM_CONVERSION = YES;
				CLANG_WARN_INFINITE_RECURSION = YES;
				CLANG_WARN_INT_CONVERSION = YES;
				CLANG_WARN_NON_LITERAL_NULL_CONVERSION = YES;
				CLANG_WARN_OBJC_IMPLICIT_RETAIN_SELF = YES;
				CLANG_WARN_OBJC_LITERAL_CONVERSION = YES;
				CLANG_WARN_OBJC_ROOT_CLASS = YES_ERROR;
				CLANG_WARN_QUOTED_INCLUDE_IN_FRAMEWORK_HEADER = YES;
				CLANG_WARN_RANGE_LOOP_ANALYSIS = YES;
				CLANG_WARN_STRICT_PROTOTYPES = YES;
				CLANG_WARN_SUSPICIOUS_MOVE = YES;
				CLANG_WARN_UNGUARDED_AVAILABILITY = YES_AGGRESSIVE;
				CLANG_WARN_UNREACHABLE_CODE = YES;
				CLANG_WARN__DUPLICATE_METHOD_MATCH = YES;
				COPY_PHASE_STRIP = NO;
				DEBUG_INFORMATION_FORMAT = "dwarf-with-dsym";
				ENABLE_NS_ASSERTIONS = NO;
				ENABLE_STRICT_OBJC_MSGSEND = YES;
				GCC_C_LANGUAGE_STANDARD = gnu11;
				GCC_NO_COMMON_BLOCKS = YES;
				GCC_WARN_64_TO_32_BIT_CONVERSION = YES;
				GCC_WARN_ABOUT_RETURN_TYPE = YES_ERROR;
				GCC_WARN_UNDECLARED_SELECTOR = YES;
				GCC_WARN_UNINITIALIZED_AUTOS = YES_AGGRESSIVE;
				GCC_WARN_UNUSED_FUNCTION = YES;
				GCC_WARN_UNUSED_VARIABLE = YES;
				IPHONEOS_DEPLOYMENT_TARGET = 15.0;
				MTL_ENABLE_DEBUG_INFO = NO;
				MTL_FAST_MATH = YES;
				SDKROOT = iphoneos;
				SWIFT_COMPILATION_MODE = wholemodule;
				SWIFT_OPTIMIZATION_LEVEL = "-O";
				VALIDATE_PRODUCT = YES;
			};
			name = Release;
		};
		076BC7002729560400914A85 /* Debug */ = {
			isa = XCBuildConfiguration;
			baseConfigurationReference = 54C1720A1EF58A218D79F950 /* Pods-Boutiqaat.debug.xcconfig */;
			buildSettings = {
				ASSETCATALOG_COMPILER_APPICON_NAME = AppIcon;
				ASSETCATALOG_COMPILER_GLOBAL_ACCENT_COLOR_NAME = AccentColor;
				CODE_SIGN_STYLE = Automatic;
				CURRENT_PROJECT_VERSION = 1;
				DEVELOPMENT_TEAM = 2Y2BM45MTZ;
				GENERATE_INFOPLIST_FILE = YES;
				INFOPLIST_FILE = Boutiqaat/Info.plist;
				INFOPLIST_KEY_UIApplicationSupportsIndirectInputEvents = YES;
				INFOPLIST_KEY_UILaunchStoryboardName = LaunchScreen;
				INFOPLIST_KEY_UIMainStoryboardFile = Main;
				INFOPLIST_KEY_UISupportedInterfaceOrientations_iPad = "UIInterfaceOrientationPortrait UIInterfaceOrientationPortraitUpsideDown UIInterfaceOrientationLandscapeLeft UIInterfaceOrientationLandscapeRight";
				INFOPLIST_KEY_UISupportedInterfaceOrientations_iPhone = "UIInterfaceOrientationPortrait UIInterfaceOrientationLandscapeLeft UIInterfaceOrientationLandscapeRight";
				LD_RUNPATH_SEARCH_PATHS = (
					"$(inherited)",
					"@executable_path/Frameworks",
				);
				MARKETING_VERSION = 1.0;
				PRODUCT_BUNDLE_IDENTIFIER = co.ayayahya.Boutiqaat;
				PRODUCT_NAME = "$(TARGET_NAME)";
				SWIFT_EMIT_LOC_STRINGS = YES;
				SWIFT_VERSION = 5.0;
				TARGETED_DEVICE_FAMILY = "1,2";
			};
			name = Debug;
		};
		076BC7012729560400914A85 /* Release */ = {
			isa = XCBuildConfiguration;
			baseConfigurationReference = 082C33ABB0B91C7915840AEB /* Pods-Boutiqaat.release.xcconfig */;
			buildSettings = {
				ASSETCATALOG_COMPILER_APPICON_NAME = AppIcon;
				ASSETCATALOG_COMPILER_GLOBAL_ACCENT_COLOR_NAME = AccentColor;
				CODE_SIGN_STYLE = Automatic;
				CURRENT_PROJECT_VERSION = 1;
				DEVELOPMENT_TEAM = 2Y2BM45MTZ;
				GENERATE_INFOPLIST_FILE = YES;
				INFOPLIST_FILE = Boutiqaat/Info.plist;
				INFOPLIST_KEY_UIApplicationSupportsIndirectInputEvents = YES;
				INFOPLIST_KEY_UILaunchStoryboardName = LaunchScreen;
				INFOPLIST_KEY_UIMainStoryboardFile = Main;
				INFOPLIST_KEY_UISupportedInterfaceOrientations_iPad = "UIInterfaceOrientationPortrait UIInterfaceOrientationPortraitUpsideDown UIInterfaceOrientationLandscapeLeft UIInterfaceOrientationLandscapeRight";
				INFOPLIST_KEY_UISupportedInterfaceOrientations_iPhone = "UIInterfaceOrientationPortrait UIInterfaceOrientationLandscapeLeft UIInterfaceOrientationLandscapeRight";
				LD_RUNPATH_SEARCH_PATHS = (
					"$(inherited)",
					"@executable_path/Frameworks",
				);
				MARKETING_VERSION = 1.0;
				PRODUCT_BUNDLE_IDENTIFIER = co.ayayahya.Boutiqaat;
				PRODUCT_NAME = "$(TARGET_NAME)";
				SWIFT_EMIT_LOC_STRINGS = YES;
				SWIFT_VERSION = 5.0;
				TARGETED_DEVICE_FAMILY = "1,2";
			};
			name = Release;
		};
/* End XCBuildConfiguration section */

/* Begin XCConfigurationList section */
		076BC6E32729560100914A85 /* Build configuration list for PBXProject "Boutiqaat" */ = {
			isa = XCConfigurationList;
			buildConfigurations = (
				076BC6FD2729560400914A85 /* Debug */,
				076BC6FE2729560400914A85 /* Release */,
			);
			defaultConfigurationIsVisible = 0;
			defaultConfigurationName = Release;
		};
		076BC6FF2729560400914A85 /* Build configuration list for PBXNativeTarget "Boutiqaat" */ = {
			isa = XCConfigurationList;
			buildConfigurations = (
				076BC7002729560400914A85 /* Debug */,
				076BC7012729560400914A85 /* Release */,
			);
			defaultConfigurationIsVisible = 0;
			defaultConfigurationName = Release;
		};
/* End XCConfigurationList section */

/* Begin XCVersionGroup section */
		073C816227300842002FFF3C /* DataModel.xcdatamodeld */ = {
			isa = XCVersionGroup;
			children = (
				073C816327300842002FFF3C /* DataModel.xcdatamodel */,
			);
			currentVersion = 073C816327300842002FFF3C /* DataModel.xcdatamodel */;
			path = DataModel.xcdatamodeld;
			sourceTree = "<group>";
			versionGroupType = wrapper.xcdatamodel;
		};
/* End XCVersionGroup section */
	};
	rootObject = 076BC6E02729560100914A85 /* Project object */;
}
